<?xml version="1.0" encoding="utf-8"?>
<Project ToolsVersion="4.0" xmlns="http://schemas.microsoft.com/developer/msbuild/2003">
  <ItemGroup>
    <Filter Include="소스 파일">
      <UniqueIdentifier>{4FC737F1-C7A5-4376-A066-2A32D752A2FF}</UniqueIdentifier>
      <Extensions>cpp;c;cc;cxx;c++;cppm;ixx;def;odl;idl;hpj;bat;asm;asmx</Extensions>
    </Filter>
    <Filter Include="헤더 파일">
      <UniqueIdentifier>{93995380-89BD-4b04-88EB-625FBE52EBFB}</UniqueIdentifier>
      <Extensions>h;hh;hpp;hxx;h++;hm;inl;inc;ipp;xsd</Extensions>
    </Filter>
    <Filter Include="리소스 파일">
      <UniqueIdentifier>{67DA6AB6-F800-4c08-8B7A-83BB121AAD01}</UniqueIdentifier>
      <Extensions>rc;ico;cur;bmp;dlg;rc2;rct;bin;rgs;gif;jpg;jpeg;jpe;resx;tiff;tif;png;wav;mfcribbon-ms</Extensions>
    </Filter>
    <Filter Include="헤더 파일\EnumData">
      <UniqueIdentifier>{3ef1a638-afd4-47fd-ad2f-5620fd4adda9}</UniqueIdentifier>
    </Filter>
    <Filter Include="소스 파일\Dialog">
      <UniqueIdentifier>{3e38b0de-c0bd-433f-b4e1-797029526a1d}</UniqueIdentifier>
    </Filter>
    <Filter Include="헤더 파일\Dialog">
      <UniqueIdentifier>{859fcd7d-1012-4f0c-82cd-5149d22afbef}</UniqueIdentifier>
    </Filter>
    <Filter Include="헤더 파일\ForUseDll">
      <UniqueIdentifier>{c4af9dd0-d045-448f-94a6-e53bbaa59828}</UniqueIdentifier>
    </Filter>
  </ItemGroup>
  <ItemGroup>
    <ClInclude Include="MFCTEST.h">
      <Filter>헤더 파일</Filter>
    </ClInclude>
    <ClInclude Include="framework.h">
      <Filter>헤더 파일</Filter>
    </ClInclude>
    <ClInclude Include="targetver.h">
      <Filter>헤더 파일</Filter>
    </ClInclude>
    <ClInclude Include="Resource.h">
      <Filter>헤더 파일</Filter>
    </ClInclude>
    <ClInclude Include="pch.h">
      <Filter>헤더 파일</Filter>
    </ClInclude>
    <ClInclude Include="ThreadManager.h">
      <Filter>헤더 파일</Filter>
    </ClInclude>
    <ClInclude Include="FileScanner.h">
      <Filter>헤더 파일</Filter>
    </ClInclude>
    <ClInclude Include="FileScannerManager.h">
      <Filter>헤더 파일</Filter>
    </ClInclude>
    <ClInclude Include="EThreadState.h">
      <Filter>헤더 파일\EnumData</Filter>
    </ClInclude>
    <ClInclude Include="ESensitiveInfoList.h">
      <Filter>헤더 파일\EnumData</Filter>
    </ClInclude>
    <ClInclude Include="ControlProcDlg.h">
      <Filter>헤더 파일\Dialog</Filter>
    </ClInclude>
    <ClInclude Include="ControlWebSiteDlg.h">
      <Filter>헤더 파일\Dialog</Filter>
    </ClInclude>
    <ClInclude Include="MFCTESTDlg.h">
      <Filter>헤더 파일\Dialog</Filter>
    </ClInclude>
    <ClInclude Include="SelectionScanMethodDlg.h">
      <Filter>헤더 파일\Dialog</Filter>
    </ClInclude>
    <ClInclude Include="SenInfoFullScanDlg.h">
      <Filter>헤더 파일\Dialog</Filter>
    </ClInclude>
    <ClInclude Include="SenInfoSelectScanDlg.h">
      <Filter>헤더 파일\Dialog</Filter>
    </ClInclude>
    <ClInclude Include="FileSearchDlg.h">
      <Filter>헤더 파일</Filter>
    </ClInclude>
    <ClInclude Include="BlockingWebSite.h">
      <Filter>헤더 파일\ForUseDll</Filter>
    </ClInclude>
    <ClInclude Include="KeyboardHook.h">
      <Filter>헤더 파일\ForUseDll</Filter>
    </ClInclude>
    <ClInclude Include="OfficeManager.h">
      <Filter>헤더 파일</Filter>
    </ClInclude>
    <ClInclude Include="BlockingCapture.h">
      <Filter>헤더 파일</Filter>
    </ClInclude>
    <ClInclude Include="SearchTopWindow.h">
      <Filter>헤더 파일</Filter>
    </ClInclude>
    <ClInclude Include="BlockingWebManager.h">
      <Filter>헤더 파일</Filter>
    </ClInclude>
    <ClInclude Include="MessageDlg.h">
      <Filter>헤더 파일</Filter>
    </ClInclude>
  </ItemGroup>
  <ItemGroup>
    <ClCompile Include="MFCTEST.cpp">
      <Filter>소스 파일</Filter>
    </ClCompile>
    <ClCompile Include="pch.cpp">
      <Filter>소스 파일</Filter>
    </ClCompile>
    <ClCompile Include="ThreadManager.cpp">
      <Filter>소스 파일</Filter>
    </ClCompile>
    <ClCompile Include="FileScanner.cpp">
      <Filter>소스 파일</Filter>
    </ClCompile>
    <ClCompile Include="FileScannerManager.cpp">
      <Filter>소스 파일</Filter>
    </ClCompile>
    <ClCompile Include="ControlProcDlg.cpp">
      <Filter>소스 파일\Dialog</Filter>
    </ClCompile>
    <ClCompile Include="ControlWebSiteDlg.cpp">
      <Filter>소스 파일\Dialog</Filter>
    </ClCompile>
    <ClCompile Include="MFCTESTDlg.cpp">
      <Filter>소스 파일\Dialog</Filter>
    </ClCompile>
    <ClCompile Include="SenInfoFullScanDlg.cpp">
      <Filter>소스 파일\Dialog</Filter>
    </ClCompile>
    <ClCompile Include="SelectionScanMethodDlg.cpp">
      <Filter>소스 파일\Dialog</Filter>
    </ClCompile>
    <ClCompile Include="SenInfoSelectScanDlg.cpp">
      <Filter>소스 파일\Dialog</Filter>
    </ClCompile>
    <ClCompile Include="FileSearchDlg.cpp">
      <Filter>소스 파일\Dialog</Filter>
    </ClCompile>
    <ClCompile Include="OfficeManager.cpp">
      <Filter>소스 파일</Filter>
    </ClCompile>
    <ClCompile Include="BlockingCapture.cpp">
      <Filter>소스 파일</Filter>
    </ClCompile>
    <ClCompile Include="SearchTopWindow.cpp">
      <Filter>소스 파일</Filter>
    </ClCompile>
    <ClCompile Include="BlockingWebManager.cpp">
      <Filter>소스 파일</Filter>
    </ClCompile>
    <ClCompile Include="MessageDlg.cpp">
      <Filter>소스 파일</Filter>
    </ClCompile>
  </ItemGroup>
  <ItemGroup>
    <ResourceCompile Include="MFCTEST.rc">
      <Filter>리소스 파일</Filter>
    </ResourceCompile>
  </ItemGroup>
  <ItemGroup>
    <None Include="res\MFCTEST.rc2">
      <Filter>리소스 파일</Filter>
    </None>
    <None Include="cpp.hint" />
  </ItemGroup>
  <ItemGroup>
    <Image Include="res\MFCTEST.ico">
      <Filter>리소스 파일</Filter>
    </Image>
  </ItemGroup>
</Project>